
Microsoft Visual Studio Solution File, Format Version 12.00
# Visual Studio 15
VisualStudioVersion = 15.0.28307.902
MinimumVisualStudioVersion = 10.0.40219.1
Project("{FAE04EC0-301F-11D3-BF4B-00C04F79EFBC}") = "Myresume", "Myresume\Myresume.csproj", "{4D8AF69B-24C0-45CE-99A6-9D5352DB55A0}"
EndProject
Global
	GlobalSection(SolutionConfigurationPlatforms) = preSolution
		Debug|Any CPU = Debug|Any CPU
		Release|Any CPU = Release|Any CPU
	EndGlobalSection
	GlobalSection(ProjectConfigurationPlatforms) = postSolution
		{4D8AF69B-24C0-45CE-99A6-9D5352DB55A0}.Debug|Any CPU.ActiveCfg = Debug|Any CPU
		{4D8AF69B-24C0-45CE-99A6-9D5352DB55A0}.Debug|Any CPU.Build.0 = Debug|Any CPU
		{4D8AF69B-24C0-45CE-99A6-9D5352DB55A0}.Release|Any CPU.ActiveCfg = Release|Any CPU
		{4D8AF69B-24C0-45CE-99A6-9D5352DB55A0}.Release|Any CPU.Build.0 = Release|Any CPU
	EndGlobalSection
	GlobalSection(SolutionProperties) = preSolution
		HideSolutionNode = FALSE
	EndGlobalSection
	GlobalSection(ExtensibilityGlobals) = postSolution
		SolutionGuid = {B9B0D20E-39F9-4062-9715-4B958E4E83C5}
	EndGlobalSection
EndGlobal
