
Microsoft Visual Studio Solution File, Format Version 12.00
# Visual Studio 15
VisualStudioVersion = 15.0.28307.902
MinimumVisualStudioVersion = 10.0.40219.1
Project("{FAE04EC0-301F-11D3-BF4B-00C04F79EFBC}") = "我的地雷", "我的地雷\我的地雷.csproj", "{DA3DB20D-2D6D-4F47-AE18-107CE17E1DC1}"
EndProject
Global
	GlobalSection(SolutionConfigurationPlatforms) = preSolution
		Debug|Any CPU = Debug|Any CPU
		Release|Any CPU = Release|Any CPU
	EndGlobalSection
	GlobalSection(ProjectConfigurationPlatforms) = postSolution
		{DA3DB20D-2D6D-4F47-AE18-107CE17E1DC1}.Debug|Any CPU.ActiveCfg = Debug|Any CPU
		{DA3DB20D-2D6D-4F47-AE18-107CE17E1DC1}.Debug|Any CPU.Build.0 = Debug|Any CPU
		{DA3DB20D-2D6D-4F47-AE18-107CE17E1DC1}.Release|Any CPU.ActiveCfg = Release|Any CPU
		{DA3DB20D-2D6D-4F47-AE18-107CE17E1DC1}.Release|Any CPU.Build.0 = Release|Any CPU
	EndGlobalSection
	GlobalSection(SolutionProperties) = preSolution
		HideSolutionNode = FALSE
	EndGlobalSection
	GlobalSection(ExtensibilityGlobals) = postSolution
		SolutionGuid = {56F50F51-F77D-47EA-83D0-0DF37C052454}
	EndGlobalSection
EndGlobal
